
Microsoft Visual Studio Solution File, Format Version 12.00
# Visual Studio 2012
Project("{FAE04EC0-301F-11D3-BF4B-00C04F79EFBC}") = "ReglaDeNegocio", "ReglaDeNegocio\ReglaDeNegocio.csproj", "{EBE1ED78-24F4-42EF-9961-8765E08E4C70}"
EndProject
Project("{FAE04EC0-301F-11D3-BF4B-00C04F79EFBC}") = "ReglaDeNegocio.Test", "ReglaDeNegocio.Test\ReglaDeNegocio.Test.csproj", "{8CD07095-B2D4-4C28-8C1B-6716E84699CA}"
EndProject
Global
	GlobalSection(SolutionConfigurationPlatforms) = preSolution
		Debug|Any CPU = Debug|Any CPU
		Release|Any CPU = Release|Any CPU
	EndGlobalSection
	GlobalSection(ProjectConfigurationPlatforms) = postSolution
		{EBE1ED78-24F4-42EF-9961-8765E08E4C70}.Debug|Any CPU.ActiveCfg = Debug|Any CPU
		{EBE1ED78-24F4-42EF-9961-8765E08E4C70}.Debug|Any CPU.Build.0 = Debug|Any CPU
		{EBE1ED78-24F4-42EF-9961-8765E08E4C70}.Release|Any CPU.ActiveCfg = Release|Any CPU
		{EBE1ED78-24F4-42EF-9961-8765E08E4C70}.Release|Any CPU.Build.0 = Release|Any CPU
		{8CD07095-B2D4-4C28-8C1B-6716E84699CA}.Debug|Any CPU.ActiveCfg = Debug|Any CPU
		{8CD07095-B2D4-4C28-8C1B-6716E84699CA}.Debug|Any CPU.Build.0 = Debug|Any CPU
		{8CD07095-B2D4-4C28-8C1B-6716E84699CA}.Release|Any CPU.ActiveCfg = Release|Any CPU
		{8CD07095-B2D4-4C28-8C1B-6716E84699CA}.Release|Any CPU.Build.0 = Release|Any CPU
	EndGlobalSection
	GlobalSection(SolutionProperties) = preSolution
		HideSolutionNode = FALSE
	EndGlobalSection
EndGlobal
